
Microsoft Visual Studio Solution File, Format Version 10.00
# Visual Studio 2008
Project("{FAE04EC0-301F-11D3-BF4B-00C04F79EFBC}") = "Web.Controls.Components", "Web.Controls.Components\Web.Controls.Components.csproj", "{889A368A-85B4-4D2B-BFE5-E02A27A9FE46}"
EndProject
Project("{FAE04EC0-301F-11D3-BF4B-00C04F79EFBC}") = "Web.Controls.Test", "Web.Controls.Test\Web.Controls.Test.csproj", "{885F9C85-1910-4E22-95D6-838736F99C2E}"
EndProject
Global
	GlobalSection(SolutionConfigurationPlatforms) = preSolution
		Debug|Any CPU = Debug|Any CPU
		Release|Any CPU = Release|Any CPU
	EndGlobalSection
	GlobalSection(ProjectConfigurationPlatforms) = postSolution
		{889A368A-85B4-4D2B-BFE5-E02A27A9FE46}.Debug|Any CPU.ActiveCfg = Debug|Any CPU
		{889A368A-85B4-4D2B-BFE5-E02A27A9FE46}.Debug|Any CPU.Build.0 = Debug|Any CPU
		{889A368A-85B4-4D2B-BFE5-E02A27A9FE46}.Release|Any CPU.ActiveCfg = Release|Any CPU
		{889A368A-85B4-4D2B-BFE5-E02A27A9FE46}.Release|Any CPU.Build.0 = Release|Any CPU
		{885F9C85-1910-4E22-95D6-838736F99C2E}.Debug|Any CPU.ActiveCfg = Debug|Any CPU
		{885F9C85-1910-4E22-95D6-838736F99C2E}.Debug|Any CPU.Build.0 = Debug|Any CPU
		{885F9C85-1910-4E22-95D6-838736F99C2E}.Release|Any CPU.ActiveCfg = Release|Any CPU
		{885F9C85-1910-4E22-95D6-838736F99C2E}.Release|Any CPU.Build.0 = Release|Any CPU
	EndGlobalSection
	GlobalSection(SolutionProperties) = preSolution
		HideSolutionNode = FALSE
	EndGlobalSection
EndGlobal
